# This file was autogenerated by Stack.
# You should not edit this file by hand.
# For more information, please see the documentation at:
#   https://docs.haskellstack.org/en/stable/lock_files

packages:
- completed:
    hackage: QuickCheck-GenT-0.2.2.1@sha256:d47077fe5225143892f66a8e6e3b8518ac03893edb05f26c03abea1f7ea60966,1500
    pantry-tree:
      sha256: d0ff33d1d5bd9835322dfd14a877bf5f06f32415cec39a98b6a80883c9adb08c
      size: 247
  original:
    hackage: QuickCheck-GenT-0.2.2.1
snapshots:
- completed:
    sha256: 8e7996960d864443a66eb4105338bbdd6830377b9f6f99cd5527ef73c10c01e7
    size: 719128
    url: https://raw.githubusercontent.com/commercialhaskell/stackage-snapshots/master/lts/22/26.yaml
  original: lts-22.26
